// !$*UTF8*$!
{
	archiveVersion = 1;
	classes = {
	};
	objectVersion = 48;
	objects = {

/* Begin PBXBuildFile section */
		BB0F24BA1FA7745C00536605 /* AppDelegate.swift in Sources */ = {isa = PBXBuildFile; fileRef = BB0F24B91FA7745C00536605 /* AppDelegate.swift */; };
		BB0F24BC1FA7745C00536605 /* LikesListViewController.swift in Sources */ = {isa = PBXBuildFile; fileRef = BB0F24BB1FA7745C00536605 /* LikesListViewController.swift */; };
		BB0F24BF1FA7745D00536605 /* Main.storyboard in Resources */ = {isa = PBXBuildFile; fileRef = BB0F24BD1FA7745D00536605 /* Main.storyboard */; };
		BB0F24C21FA7745D00536605 /* Likes.xcdatamodeld in Sources */ = {isa = PBXBuildFile; fileRef = BB0F24C01FA7745D00536605 /* Likes.xcdatamodeld */; };
		BB0F24C41FA7745D00536605 /* Assets.xcassets in Resources */ = {isa = PBXBuildFile; fileRef = BB0F24C31FA7745D00536605 /* Assets.xcassets */; };
		BB0F24C71FA7745D00536605 /* LaunchScreen.storyboard in Resources */ = {isa = PBXBuildFile; fileRef = BB0F24C51FA7745D00536605 /* LaunchScreen.storyboard */; };
		BB31F2E21FACA5A500A0B7DE /* Twitter.plist in Resources */ = {isa = PBXBuildFile; fileRef = BB31F2E11FACA5A500A0B7DE /* Twitter.plist */; };
		BB31F2E51FACA82600A0B7DE /* TwitterSettings.swift in Sources */ = {isa = PBXBuildFile; fileRef = BB31F2E41FACA82600A0B7DE /* TwitterSettings.swift */; };
		BB31F2E81FACC42C00A0B7DE /* Account.storyboard in Resources */ = {isa = PBXBuildFile; fileRef = BB31F2E71FACC42C00A0B7DE /* Account.storyboard */; };
		BB31F2EB1FACC6D800A0B7DE /* AccountViewController.swift in Sources */ = {isa = PBXBuildFile; fileRef = BB31F2EA1FACC6D800A0B7DE /* AccountViewController.swift */; };
		BB31F2EE1FB0130900A0B7DE /* Storyboard.swift in Sources */ = {isa = PBXBuildFile; fileRef = BB31F2ED1FB0130900A0B7DE /* Storyboard.swift */; };
		BB31F2F11FB09E4200A0B7DE /* UIViewController+Extension.swift in Sources */ = {isa = PBXBuildFile; fileRef = BB31F2F01FB09E4200A0B7DE /* UIViewController+Extension.swift */; };
		BB31F2F71FB2630D00A0B7DE /* AccountViewModel.swift in Sources */ = {isa = PBXBuildFile; fileRef = BB31F2F61FB2630D00A0B7DE /* AccountViewModel.swift */; };
		BB31F2F91FB2667800A0B7DE /* LikesListViewModel.swift in Sources */ = {isa = PBXBuildFile; fileRef = BB31F2F81FB2667800A0B7DE /* LikesListViewModel.swift */; };
		BB31F2FB1FB266B200A0B7DE /* LikesListModel.swift in Sources */ = {isa = PBXBuildFile; fileRef = BB31F2FA1FB266B200A0B7DE /* LikesListModel.swift */; };
		FAC96CEF2E890E04BE536217 /* Pods_Likes.framework in Frameworks */ = {isa = PBXBuildFile; fileRef = 080A7B836E976CC457621850 /* Pods_Likes.framework */; };
/* End PBXBuildFile section */

/* Begin PBXFileReference section */
		080A7B836E976CC457621850 /* Pods_Likes.framework */ = {isa = PBXFileReference; explicitFileType = wrapper.framework; includeInIndex = 0; path = Pods_Likes.framework; sourceTree = BUILT_PRODUCTS_DIR; };
		509939617392B62FED1AE302 /* Pods-Likes.debug.xcconfig */ = {isa = PBXFileReference; includeInIndex = 1; lastKnownFileType = text.xcconfig; name = "Pods-Likes.debug.xcconfig"; path = "Pods/Target Support Files/Pods-Likes/Pods-Likes.debug.xcconfig"; sourceTree = "<group>"; };
		BB0F24B61FA7745C00536605 /* Likes.app */ = {isa = PBXFileReference; explicitFileType = wrapper.application; includeInIndex = 0; path = Likes.app; sourceTree = BUILT_PRODUCTS_DIR; };
		BB0F24B91FA7745C00536605 /* AppDelegate.swift */ = {isa = PBXFileReference; lastKnownFileType = sourcecode.swift; path = AppDelegate.swift; sourceTree = "<group>"; };
		BB0F24BB1FA7745C00536605 /* LikesListViewController.swift */ = {isa = PBXFileReference; lastKnownFileType = sourcecode.swift; path = LikesListViewController.swift; sourceTree = "<group>"; };
		BB0F24BE1FA7745D00536605 /* Base */ = {isa = PBXFileReference; lastKnownFileType = file.storyboard; name = Base; path = Base.lproj/Main.storyboard; sourceTree = "<group>"; };
		BB0F24C11FA7745D00536605 /* Likes.xcdatamodel */ = {isa = PBXFileReference; lastKnownFileType = wrapper.xcdatamodel; path = Likes.xcdatamodel; sourceTree = "<group>"; };
		BB0F24C31FA7745D00536605 /* Assets.xcassets */ = {isa = PBXFileReference; lastKnownFileType = folder.assetcatalog; path = Assets.xcassets; sourceTree = "<group>"; };
		BB0F24C61FA7745D00536605 /* Base */ = {isa = PBXFileReference; lastKnownFileType = file.storyboard; name = Base; path = Base.lproj/LaunchScreen.storyboard; sourceTree = "<group>"; };
		BB0F24C81FA7745D00536605 /* Info.plist */ = {isa = PBXFileReference; lastKnownFileType = text.plist.xml; path = Info.plist; sourceTree = "<group>"; };
		BB31F2E11FACA5A500A0B7DE /* Twitter.plist */ = {isa = PBXFileReference; lastKnownFileType = text.plist.xml; path = Twitter.plist; sourceTree = "<group>"; };
		BB31F2E41FACA82600A0B7DE /* TwitterSettings.swift */ = {isa = PBXFileReference; lastKnownFileType = sourcecode.swift; path = TwitterSettings.swift; sourceTree = "<group>"; };
		BB31F2E71FACC42C00A0B7DE /* Account.storyboard */ = {isa = PBXFileReference; lastKnownFileType = file.storyboard; path = Account.storyboard; sourceTree = "<group>"; };
		BB31F2EA1FACC6D800A0B7DE /* AccountViewController.swift */ = {isa = PBXFileReference; lastKnownFileType = sourcecode.swift; path = AccountViewController.swift; sourceTree = "<group>"; };
		BB31F2ED1FB0130900A0B7DE /* Storyboard.swift */ = {isa = PBXFileReference; lastKnownFileType = sourcecode.swift; path = Storyboard.swift; sourceTree = "<group>"; };
		BB31F2F01FB09E4200A0B7DE /* UIViewController+Extension.swift */ = {isa = PBXFileReference; lastKnownFileType = sourcecode.swift; path = "UIViewController+Extension.swift"; sourceTree = "<group>"; };
		BB31F2F61FB2630D00A0B7DE /* AccountViewModel.swift */ = {isa = PBXFileReference; lastKnownFileType = sourcecode.swift; path = AccountViewModel.swift; sourceTree = "<group>"; };
		BB31F2F81FB2667800A0B7DE /* LikesListViewModel.swift */ = {isa = PBXFileReference; lastKnownFileType = sourcecode.swift; path = LikesListViewModel.swift; sourceTree = "<group>"; };
		BB31F2FA1FB266B200A0B7DE /* LikesListModel.swift */ = {isa = PBXFileReference; lastKnownFileType = sourcecode.swift; path = LikesListModel.swift; sourceTree = "<group>"; };
		E77F7B582258E4712747E926 /* Pods-Likes.release.xcconfig */ = {isa = PBXFileReference; includeInIndex = 1; lastKnownFileType = text.xcconfig; name = "Pods-Likes.release.xcconfig"; path = "Pods/Target Support Files/Pods-Likes/Pods-Likes.release.xcconfig"; sourceTree = "<group>"; };
/* End PBXFileReference section */

/* Begin PBXFrameworksBuildPhase section */
		BB0F24B31FA7745C00536605 /* Frameworks */ = {
			isa = PBXFrameworksBuildPhase;
			buildActionMask = 2147483647;
			files = (
				FAC96CEF2E890E04BE536217 /* Pods_Likes.framework in Frameworks */,
			);
			runOnlyForDeploymentPostprocessing = 0;
		};
/* End PBXFrameworksBuildPhase section */

/* Begin PBXGroup section */
		BB0F24AD1FA7745C00536605 = {
			isa = PBXGroup;
			children = (
				BB0F24B81FA7745C00536605 /* Likes */,
				BB0F24B71FA7745C00536605 /* Products */,
				FC82A9F15F08079E793E5A90 /* Pods */,
				C7C793B9281C3FFC4D447D8B /* Frameworks */,
			);
			sourceTree = "<group>";
		};
		BB0F24B71FA7745C00536605 /* Products */ = {
			isa = PBXGroup;
			children = (
				BB0F24B61FA7745C00536605 /* Likes.app */,
			);
			name = Products;
			sourceTree = "<group>";
		};
		BB0F24B81FA7745C00536605 /* Likes */ = {
			isa = PBXGroup;
			children = (
				BB31F2EC1FB012EA00A0B7DE /* Library */,
				BB31F2E91FACC68F00A0B7DE /* ViewModels */,
				BB31F2E61FACC41800A0B7DE /* Views */,
				BB31F2E31FACA80E00A0B7DE /* Models */,
				BB0F24B91FA7745C00536605 /* AppDelegate.swift */,
				BB0F24C31FA7745D00536605 /* Assets.xcassets */,
				BB0F24C81FA7745D00536605 /* Info.plist */,
				BB31F2E11FACA5A500A0B7DE /* Twitter.plist */,
				BB0F24C01FA7745D00536605 /* Likes.xcdatamodeld */,
			);
			path = Likes;
			sourceTree = "<group>";
		};
		BB31F2E31FACA80E00A0B7DE /* Models */ = {
			isa = PBXGroup;
			children = (
				BB31F2E41FACA82600A0B7DE /* TwitterSettings.swift */,
				BB31F2FA1FB266B200A0B7DE /* LikesListModel.swift */,
			);
			path = Models;
			sourceTree = "<group>";
		};
		BB31F2E61FACC41800A0B7DE /* Views */ = {
			isa = PBXGroup;
			children = (
				BB31F2F51FB0BA7D00A0B7DE /* Controllers */,
				BB31F2EF1FB0149F00A0B7DE /* Storyboards */,
			);
			path = Views;
			sourceTree = "<group>";
		};
		BB31F2E91FACC68F00A0B7DE /* ViewModels */ = {
			isa = PBXGroup;
			children = (
				BB31F2F61FB2630D00A0B7DE /* AccountViewModel.swift */,
				BB31F2F81FB2667800A0B7DE /* LikesListViewModel.swift */,
			);
			path = ViewModels;
			sourceTree = "<group>";
		};
		BB31F2EC1FB012EA00A0B7DE /* Library */ = {
			isa = PBXGroup;
			children = (
				BB31F2F21FB0A83500A0B7DE /* Extensions */,
				BB31F2ED1FB0130900A0B7DE /* Storyboard.swift */,
			);
			path = Library;
			sourceTree = "<group>";
		};
		BB31F2EF1FB0149F00A0B7DE /* Storyboards */ = {
			isa = PBXGroup;
			children = (
				BB0F24C51FA7745D00536605 /* LaunchScreen.storyboard */,
				BB0F24BD1FA7745D00536605 /* Main.storyboard */,
				BB31F2E71FACC42C00A0B7DE /* Account.storyboard */,
			);
			path = Storyboards;
			sourceTree = "<group>";
		};
		BB31F2F21FB0A83500A0B7DE /* Extensions */ = {
			isa = PBXGroup;
			children = (
				BB31F2F01FB09E4200A0B7DE /* UIViewController+Extension.swift */,
			);
			path = Extensions;
			sourceTree = "<group>";
		};
		BB31F2F51FB0BA7D00A0B7DE /* Controllers */ = {
			isa = PBXGroup;
			children = (
				BB0F24BB1FA7745C00536605 /* LikesListViewController.swift */,
				BB31F2EA1FACC6D800A0B7DE /* AccountViewController.swift */,
			);
			path = Controllers;
			sourceTree = "<group>";
		};
		C7C793B9281C3FFC4D447D8B /* Frameworks */ = {
			isa = PBXGroup;
			children = (
				080A7B836E976CC457621850 /* Pods_Likes.framework */,
			);
			name = Frameworks;
			sourceTree = "<group>";
		};
		FC82A9F15F08079E793E5A90 /* Pods */ = {
			isa = PBXGroup;
			children = (
				509939617392B62FED1AE302 /* Pods-Likes.debug.xcconfig */,
				E77F7B582258E4712747E926 /* Pods-Likes.release.xcconfig */,
			);
			name = Pods;
			sourceTree = "<group>";
		};
/* End PBXGroup section */

/* Begin PBXNativeTarget section */
		BB0F24B51FA7745C00536605 /* Likes */ = {
			isa = PBXNativeTarget;
			buildConfigurationList = BB0F24CB1FA7745D00536605 /* Build configuration list for PBXNativeTarget "Likes" */;
			buildPhases = (
				0447E531165A9070365CC32B /* [CP] Check Pods Manifest.lock */,
				BB0F24B21FA7745C00536605 /* Sources */,
				BB0F24B31FA7745C00536605 /* Frameworks */,
				BB0F24B41FA7745C00536605 /* Resources */,
				F55830E5CC9437D56F7D5F39 /* [CP] Embed Pods Frameworks */,
				37BFEE45DF355A6AEBD0BCBD /* [CP] Copy Pods Resources */,
			);
			buildRules = (
			);
			dependencies = (
			);
			name = Likes;
			productName = Likes;
			productReference = BB0F24B61FA7745C00536605 /* Likes.app */;
			productType = "com.apple.product-type.application";
		};
/* End PBXNativeTarget section */

/* Begin PBXProject section */
		BB0F24AE1FA7745C00536605 /* Project object */ = {
			isa = PBXProject;
			attributes = {
				LastSwiftUpdateCheck = 0900;
				LastUpgradeCheck = 0900;
				ORGANIZATIONNAME = ExtYabecchi;
				TargetAttributes = {
					BB0F24B51FA7745C00536605 = {
						CreatedOnToolsVersion = 9.0;
						ProvisioningStyle = Automatic;
					};
				};
			};
			buildConfigurationList = BB0F24B11FA7745C00536605 /* Build configuration list for PBXProject "Likes" */;
			compatibilityVersion = "Xcode 8.0";
			developmentRegion = en;
			hasScannedForEncodings = 0;
			knownRegions = (
				en,
				Base,
			);
			mainGroup = BB0F24AD1FA7745C00536605;
			productRefGroup = BB0F24B71FA7745C00536605 /* Products */;
			projectDirPath = "";
			projectRoot = "";
			targets = (
				BB0F24B51FA7745C00536605 /* Likes */,
			);
		};
/* End PBXProject section */

/* Begin PBXResourcesBuildPhase section */
		BB0F24B41FA7745C00536605 /* Resources */ = {
			isa = PBXResourcesBuildPhase;
			buildActionMask = 2147483647;
			files = (
				BB0F24C71FA7745D00536605 /* LaunchScreen.storyboard in Resources */,
				BB0F24C41FA7745D00536605 /* Assets.xcassets in Resources */,
				BB31F2E81FACC42C00A0B7DE /* Account.storyboard in Resources */,
				BB31F2E21FACA5A500A0B7DE /* Twitter.plist in Resources */,
				BB0F24BF1FA7745D00536605 /* Main.storyboard in Resources */,
			);
			runOnlyForDeploymentPostprocessing = 0;
		};
/* End PBXResourcesBuildPhase section */

/* Begin PBXShellScriptBuildPhase section */
		0447E531165A9070365CC32B /* [CP] Check Pods Manifest.lock */ = {
			isa = PBXShellScriptBuildPhase;
			buildActionMask = 2147483647;
			files = (
			);
			inputPaths = (
			);
			name = "[CP] Check Pods Manifest.lock";
			outputPaths = (
			);
			runOnlyForDeploymentPostprocessing = 0;
			shellPath = /bin/sh;
			shellScript = "diff \"${PODS_PODFILE_DIR_PATH}/Podfile.lock\" \"${PODS_ROOT}/Manifest.lock\" > /dev/null\nif [ $? != 0 ] ; then\n    # print error to STDERR\n    echo \"error: The sandbox is not in sync with the Podfile.lock. Run 'pod install' or update your CocoaPods installation.\" >&2\n    exit 1\nfi\n";
			showEnvVarsInLog = 0;
		};
		37BFEE45DF355A6AEBD0BCBD /* [CP] Copy Pods Resources */ = {
			isa = PBXShellScriptBuildPhase;
			buildActionMask = 2147483647;
			files = (
			);
			inputPaths = (
			);
			name = "[CP] Copy Pods Resources";
			outputPaths = (
			);
			runOnlyForDeploymentPostprocessing = 0;
			shellPath = /bin/sh;
			shellScript = "\"${SRCROOT}/Pods/Target Support Files/Pods-Likes/Pods-Likes-resources.sh\"\n";
			showEnvVarsInLog = 0;
		};
		F55830E5CC9437D56F7D5F39 /* [CP] Embed Pods Frameworks */ = {
			isa = PBXShellScriptBuildPhase;
			buildActionMask = 2147483647;
			files = (
			);
			inputPaths = (
			);
			name = "[CP] Embed Pods Frameworks";
			outputPaths = (
			);
			runOnlyForDeploymentPostprocessing = 0;
			shellPath = /bin/sh;
			shellScript = "\"${SRCROOT}/Pods/Target Support Files/Pods-Likes/Pods-Likes-frameworks.sh\"\n";
			showEnvVarsInLog = 0;
		};
/* End PBXShellScriptBuildPhase section */

/* Begin PBXSourcesBuildPhase section */
		BB0F24B21FA7745C00536605 /* Sources */ = {
			isa = PBXSourcesBuildPhase;
			buildActionMask = 2147483647;
			files = (
				BB31F2FB1FB266B200A0B7DE /* LikesListModel.swift in Sources */,
				BB31F2E51FACA82600A0B7DE /* TwitterSettings.swift in Sources */,
				BB31F2EB1FACC6D800A0B7DE /* AccountViewController.swift in Sources */,
				BB31F2F71FB2630D00A0B7DE /* AccountViewModel.swift in Sources */,
				BB0F24BC1FA7745C00536605 /* LikesListViewController.swift in Sources */,
				BB0F24C21FA7745D00536605 /* Likes.xcdatamodeld in Sources */,
				BB31F2F91FB2667800A0B7DE /* LikesListViewModel.swift in Sources */,
				BB31F2F11FB09E4200A0B7DE /* UIViewController+Extension.swift in Sources */,
				BB31F2EE1FB0130900A0B7DE /* Storyboard.swift in Sources */,
				BB0F24BA1FA7745C00536605 /* AppDelegate.swift in Sources */,
			);
			runOnlyForDeploymentPostprocessing = 0;
		};
/* End PBXSourcesBuildPhase section */

/* Begin PBXVariantGroup section */
		BB0F24BD1FA7745D00536605 /* Main.storyboard */ = {
			isa = PBXVariantGroup;
			children = (
				BB0F24BE1FA7745D00536605 /* Base */,
			);
			name = Main.storyboard;
			sourceTree = "<group>";
		};
		BB0F24C51FA7745D00536605 /* LaunchScreen.storyboard */ = {
			isa = PBXVariantGroup;
			children = (
				BB0F24C61FA7745D00536605 /* Base */,
			);
			name = LaunchScreen.storyboard;
			sourceTree = "<group>";
		};
/* End PBXVariantGroup section */

/* Begin XCBuildConfiguration section */
		BB0F24C91FA7745D00536605 /* Debug */ = {
			isa = XCBuildConfiguration;
			buildSettings = {
				ALWAYS_SEARCH_USER_PATHS = NO;
				CLANG_ANALYZER_NONNULL = YES;
				CLANG_ANALYZER_NUMBER_OBJECT_CONVERSION = YES_AGGRESSIVE;
				CLANG_CXX_LANGUAGE_STANDARD = "gnu++14";
				CLANG_CXX_LIBRARY = "libc++";
				CLANG_ENABLE_MODULES = YES;
				CLANG_ENABLE_OBJC_ARC = YES;
				CLANG_WARN_BLOCK_CAPTURE_AUTORELEASING = YES;
				CLANG_WARN_BOOL_CONVERSION = YES;
				CLANG_WARN_COMMA = YES;
				CLANG_WARN_CONSTANT_CONVERSION = YES;
				CLANG_WARN_DIRECT_OBJC_ISA_USAGE = YES_ERROR;
				CLANG_WARN_DOCUMENTATION_COMMENTS = YES;
				CLANG_WARN_EMPTY_BODY = YES;
				CLANG_WARN_ENUM_CONVERSION = YES;
				CLANG_WARN_INFINITE_RECURSION = YES;
				CLANG_WARN_INT_CONVERSION = YES;
				CLANG_WARN_NON_LITERAL_NULL_CONVERSION = YES;
				CLANG_WARN_OBJC_LITERAL_CONVERSION = YES;
				CLANG_WARN_OBJC_ROOT_CLASS = YES_ERROR;
				CLANG_WARN_RANGE_LOOP_ANALYSIS = YES;
				CLANG_WARN_STRICT_PROTOTYPES = YES;
				CLANG_WARN_SUSPICIOUS_MOVE = YES;
				CLANG_WARN_UNGUARDED_AVAILABILITY = YES_AGGRESSIVE;
				CLANG_WARN_UNREACHABLE_CODE = YES;
				CLANG_WARN__DUPLICATE_METHOD_MATCH = YES;
				CODE_SIGN_IDENTITY = "iPhone Developer";
				COPY_PHASE_STRIP = NO;
				DEBUG_INFORMATION_FORMAT = dwarf;
				ENABLE_STRICT_OBJC_MSGSEND = YES;
				ENABLE_TESTABILITY = YES;
				GCC_C_LANGUAGE_STANDARD = gnu11;
				GCC_DYNAMIC_NO_PIC = NO;
				GCC_NO_COMMON_BLOCKS = YES;
				GCC_OPTIMIZATION_LEVEL = 0;
				GCC_PREPROCESSOR_DEFINITIONS = (
					"DEBUG=1",
					"$(inherited)",
				);
				GCC_WARN_64_TO_32_BIT_CONVERSION = YES;
				GCC_WARN_ABOUT_RETURN_TYPE = YES_ERROR;
				GCC_WARN_UNDECLARED_SELECTOR = YES;
				GCC_WARN_UNINITIALIZED_AUTOS = YES_AGGRESSIVE;
				GCC_WARN_UNUSED_FUNCTION = YES;
				GCC_WARN_UNUSED_VARIABLE = YES;
				IPHONEOS_DEPLOYMENT_TARGET = 11.0;
				MTL_ENABLE_DEBUG_INFO = YES;
				ONLY_ACTIVE_ARCH = YES;
				SDKROOT = iphoneos;
				SWIFT_ACTIVE_COMPILATION_CONDITIONS = DEBUG;
				SWIFT_OPTIMIZATION_LEVEL = "-Onone";
			};
			name = Debug;
		};
		BB0F24CA1FA7745D00536605 /* Release */ = {
			isa = XCBuildConfiguration;
			buildSettings = {
				ALWAYS_SEARCH_USER_PATHS = NO;
				CLANG_ANALYZER_NONNULL = YES;
				CLANG_ANALYZER_NUMBER_OBJECT_CONVERSION = YES_AGGRESSIVE;
				CLANG_CXX_LANGUAGE_STANDARD = "gnu++14";
				CLANG_CXX_LIBRARY = "libc++";
				CLANG_ENABLE_MODULES = YES;
				CLANG_ENABLE_OBJC_ARC = YES;
				CLANG_WARN_BLOCK_CAPTURE_AUTORELEASING = YES;
				CLANG_WARN_BOOL_CONVERSION = YES;
				CLANG_WARN_COMMA = YES;
				CLANG_WARN_CONSTANT_CONVERSION = YES;
				CLANG_WARN_DIRECT_OBJC_ISA_USAGE = YES_ERROR;
				CLANG_WARN_DOCUMENTATION_COMMENTS = YES;
				CLANG_WARN_EMPTY_BODY = YES;
				CLANG_WARN_ENUM_CONVERSION = YES;
				CLANG_WARN_INFINITE_RECURSION = YES;
				CLANG_WARN_INT_CONVERSION = YES;
				CLANG_WARN_NON_LITERAL_NULL_CONVERSION = YES;
				CLANG_WARN_OBJC_LITERAL_CONVERSION = YES;
				CLANG_WARN_OBJC_ROOT_CLASS = YES_ERROR;
				CLANG_WARN_RANGE_LOOP_ANALYSIS = YES;
				CLANG_WARN_STRICT_PROTOTYPES = YES;
				CLANG_WARN_SUSPICIOUS_MOVE = YES;
				CLANG_WARN_UNGUARDED_AVAILABILITY = YES_AGGRESSIVE;
				CLANG_WARN_UNREACHABLE_CODE = YES;
				CLANG_WARN__DUPLICATE_METHOD_MATCH = YES;
				CODE_SIGN_IDENTITY = "iPhone Developer";
				COPY_PHASE_STRIP = NO;
				DEBUG_INFORMATION_FORMAT = "dwarf-with-dsym";
				ENABLE_NS_ASSERTIONS = NO;
				ENABLE_STRICT_OBJC_MSGSEND = YES;
				GCC_C_LANGUAGE_STANDARD = gnu11;
				GCC_NO_COMMON_BLOCKS = YES;
				GCC_WARN_64_TO_32_BIT_CONVERSION = YES;
				GCC_WARN_ABOUT_RETURN_TYPE = YES_ERROR;
				GCC_WARN_UNDECLARED_SELECTOR = YES;
				GCC_WARN_UNINITIALIZED_AUTOS = YES_AGGRESSIVE;
				GCC_WARN_UNUSED_FUNCTION = YES;
				GCC_WARN_UNUSED_VARIABLE = YES;
				IPHONEOS_DEPLOYMENT_TARGET = 11.0;
				MTL_ENABLE_DEBUG_INFO = NO;
				SDKROOT = iphoneos;
				SWIFT_OPTIMIZATION_LEVEL = "-Owholemodule";
				VALIDATE_PRODUCT = YES;
			};
			name = Release;
		};
		BB0F24CC1FA7745D00536605 /* Debug */ = {
			isa = XCBuildConfiguration;
			baseConfigurationReference = 509939617392B62FED1AE302 /* Pods-Likes.debug.xcconfig */;
			buildSettings = {
				ASSETCATALOG_COMPILER_APPICON_NAME = AppIcon;
				CODE_SIGN_STYLE = Automatic;
				DEVELOPMENT_TEAM = HK27Y6U39D;
				INFOPLIST_FILE = Likes/Info.plist;
				LD_RUNPATH_SEARCH_PATHS = "$(inherited) @executable_path/Frameworks";
				NEW_SETTING = "";
				PRODUCT_BUNDLE_IDENTIFIER = zombieges.Likes;
				PRODUCT_NAME = "$(TARGET_NAME)";
				SWIFT_VERSION = 4.0;
				TARGETED_DEVICE_FAMILY = "1,2";
			};
			name = Debug;
		};
		BB0F24CD1FA7745D00536605 /* Release */ = {
			isa = XCBuildConfiguration;
			baseConfigurationReference = E77F7B582258E4712747E926 /* Pods-Likes.release.xcconfig */;
			buildSettings = {
				ASSETCATALOG_COMPILER_APPICON_NAME = AppIcon;
				CODE_SIGN_STYLE = Automatic;
				DEVELOPMENT_TEAM = HK27Y6U39D;
				INFOPLIST_FILE = Likes/Info.plist;
				LD_RUNPATH_SEARCH_PATHS = "$(inherited) @executable_path/Frameworks";
				NEW_SETTING = "";
				PRODUCT_BUNDLE_IDENTIFIER = zombieges.Likes;
				PRODUCT_NAME = "$(TARGET_NAME)";
				SWIFT_VERSION = 4.0;
				TARGETED_DEVICE_FAMILY = "1,2";
			};
			name = Release;
		};
/* End XCBuildConfiguration section */

/* Begin XCConfigurationList section */
		BB0F24B11FA7745C00536605 /* Build configuration list for PBXProject "Likes" */ = {
			isa = XCConfigurationList;
			buildConfigurations = (
				BB0F24C91FA7745D00536605 /* Debug */,
				BB0F24CA1FA7745D00536605 /* Release */,
			);
			defaultConfigurationIsVisible = 0;
			defaultConfigurationName = Release;
		};
		BB0F24CB1FA7745D00536605 /* Build configuration list for PBXNativeTarget "Likes" */ = {
			isa = XCConfigurationList;
			buildConfigurations = (
				BB0F24CC1FA7745D00536605 /* Debug */,
				BB0F24CD1FA7745D00536605 /* Release */,
			);
			defaultConfigurationIsVisible = 0;
			defaultConfigurationName = Release;
		};
/* End XCConfigurationList section */

/* Begin XCVersionGroup section */
		BB0F24C01FA7745D00536605 /* Likes.xcdatamodeld */ = {
			isa = XCVersionGroup;
			children = (
				BB0F24C11FA7745D00536605 /* Likes.xcdatamodel */,
			);
			currentVersion = BB0F24C11FA7745D00536605 /* Likes.xcdatamodel */;
			path = Likes.xcdatamodeld;
			sourceTree = "<group>";
			versionGroupType = wrapper.xcdatamodel;
		};
/* End XCVersionGroup section */
	};
	rootObject = BB0F24AE1FA7745C00536605 /* Project object */;
}
